// !$*UTF8*$!
{
	archiveVersion = 1;
	classes = {
	};
	objectVersion = 48;
	objects = {

/* Begin PBXBuildFile section */
		A6EEEA4E20CE43DD0096D48A /* AppDelegate.m in Sources */ = {isa = PBXBuildFile; fileRef = A6EEEA4D20CE43DD0096D48A /* AppDelegate.m */; };
		A6EEEA5020CE43DD0096D48A /* Assets.xcassets in Resources */ = {isa = PBXBuildFile; fileRef = A6EEEA4F20CE43DD0096D48A /* Assets.xcassets */; };
		A6EEEA5320CE43DD0096D48A /* MainMenu.xib in Resources */ = {isa = PBXBuildFile; fileRef = A6EEEA5120CE43DD0096D48A /* MainMenu.xib */; };
		A6EEEA5620CE43DD0096D48A /* main.m in Sources */ = {isa = PBXBuildFile; fileRef = A6EEEA5520CE43DD0096D48A /* main.m */; };
/* End PBXBuildFile section */

/* Begin PBXFileReference section */
		A6EEEA4920CE43DD0096D48A /* OSPro.app */ = {isa = PBXFileReference; explicitFileType = wrapper.application; includeInIndex = 0; path = OSPro.app; sourceTree = BUILT_PRODUCTS_DIR; };
		A6EEEA4C20CE43DD0096D48A /* AppDelegate.h */ = {isa = PBXFileReference; lastKnownFileType = sourcecode.c.h; path = AppDelegate.h; sourceTree = "<group>"; };
		A6EEEA4D20CE43DD0096D48A /* AppDelegate.m */ = {isa = PBXFileReference; lastKnownFileType = sourcecode.c.objc; path = AppDelegate.m; sourceTree = "<group>"; };
		A6EEEA4F20CE43DD0096D48A /* Assets.xcassets */ = {isa = PBXFileReference; lastKnownFileType = folder.assetcatalog; path = Assets.xcassets; sourceTree = "<group>"; };
		A6EEEA5220CE43DD0096D48A /* Base */ = {isa = PBXFileReference; lastKnownFileType = file.xib; name = Base; path = Base.lproj/MainMenu.xib; sourceTree = "<group>"; };
		A6EEEA5420CE43DD0096D48A /* Info.plist */ = {isa = PBXFileReference; lastKnownFileType = text.plist.xml; path = Info.plist; sourceTree = "<group>"; };
		A6EEEA5520CE43DD0096D48A /* main.m */ = {isa = PBXFileReference; lastKnownFileType = sourcecode.c.objc; path = main.m; sourceTree = "<group>"; };
		A6EEEA5720CE43DD0096D48A /* OSPro.entitlements */ = {isa = PBXFileReference; lastKnownFileType = text.plist.entitlements; path = OSPro.entitlements; sourceTree = "<group>"; };
/* End PBXFileReference section */

/* Begin PBXFrameworksBuildPhase section */
		A6EEEA4620CE43DD0096D48A /* Frameworks */ = {
			isa = PBXFrameworksBuildPhase;
			buildActionMask = 2147483647;
			files = (
			);
			runOnlyForDeploymentPostprocessing = 0;
		};
/* End PBXFrameworksBuildPhase section */

/* Begin PBXGroup section */
		A6EEEA4020CE43DD0096D48A = {
			isa = PBXGroup;
			children = (
				A6EEEA4B20CE43DD0096D48A /* OSPro */,
				A6EEEA4A20CE43DD0096D48A /* Products */,
			);
			sourceTree = "<group>";
		};
		A6EEEA4A20CE43DD0096D48A /* Products */ = {
			isa = PBXGroup;
			children = (
				A6EEEA4920CE43DD0096D48A /* OSPro.app */,
			);
			name = Products;
			sourceTree = "<group>";
		};
		A6EEEA4B20CE43DD0096D48A /* OSPro */ = {
			isa = PBXGroup;
			children = (
				A6EEEA4C20CE43DD0096D48A /* AppDelegate.h */,
				A6EEEA4D20CE43DD0096D48A /* AppDelegate.m */,
				A6EEEA4F20CE43DD0096D48A /* Assets.xcassets */,
				A6EEEA5120CE43DD0096D48A /* MainMenu.xib */,
				A6EEEA5420CE43DD0096D48A /* Info.plist */,
				A6EEEA5520CE43DD0096D48A /* main.m */,
				A6EEEA5720CE43DD0096D48A /* OSPro.entitlements */,
			);
			path = OSPro;
			sourceTree = "<group>";
		};
/* End PBXGroup section */

/* Begin PBXNativeTarget section */
		A6EEEA4820CE43DD0096D48A /* OSPro */ = {
			isa = PBXNativeTarget;
			buildConfigurationList = A6EEEA5A20CE43DD0096D48A /* Build configuration list for PBXNativeTarget "OSPro" */;
			buildPhases = (
				A6EEEA4520CE43DD0096D48A /* Sources */,
				A6EEEA4620CE43DD0096D48A /* Frameworks */,
				A6EEEA4720CE43DD0096D48A /* Resources */,
			);
			buildRules = (
			);
			dependencies = (
			);
			name = OSPro;
			productName = OSPro;
			productReference = A6EEEA4920CE43DD0096D48A /* OSPro.app */;
			productType = "com.apple.product-type.application";
		};
/* End PBXNativeTarget section */

/* Begin PBXProject section */
		A6EEEA4120CE43DD0096D48A /* Project object */ = {
			isa = PBXProject;
			attributes = {
				LastUpgradeCheck = 0920;
				ORGANIZATIONNAME = HappinessFamily;
				TargetAttributes = {
					A6EEEA4820CE43DD0096D48A = {
						CreatedOnToolsVersion = 9.2;
						ProvisioningStyle = Automatic;
					};
				};
			};
			buildConfigurationList = A6EEEA4420CE43DD0096D48A /* Build configuration list for PBXProject "OSPro" */;
			compatibilityVersion = "Xcode 8.0";
			developmentRegion = en;
			hasScannedForEncodings = 0;
			knownRegions = (
				en,
				Base,
			);
			mainGroup = A6EEEA4020CE43DD0096D48A;
			productRefGroup = A6EEEA4A20CE43DD0096D48A /* Products */;
			projectDirPath = "";
			projectRoot = "";
			targets = (
				A6EEEA4820CE43DD0096D48A /* OSPro */,
			);
		};
/* End PBXProject section */

/* Begin PBXResourcesBuildPhase section */
		A6EEEA4720CE43DD0096D48A /* Resources */ = {
			isa = PBXResourcesBuildPhase;
			buildActionMask = 2147483647;
			files = (
				A6EEEA5020CE43DD0096D48A /* Assets.xcassets in Resources */,
				A6EEEA5320CE43DD0096D48A /* MainMenu.xib in Resources */,
			);
			runOnlyForDeploymentPostprocessing = 0;
		};
/* End PBXResourcesBuildPhase section */

/* Begin PBXSourcesBuildPhase section */
		A6EEEA4520CE43DD0096D48A /* Sources */ = {
			isa = PBXSourcesBuildPhase;
			buildActionMask = 2147483647;
			files = (
				A6EEEA5620CE43DD0096D48A /* main.m in Sources */,
				A6EEEA4E20CE43DD0096D48A /* AppDelegate.m in Sources */,
			);
			runOnlyForDeploymentPostprocessing = 0;
		};
/* End PBXSourcesBuildPhase section */

/* Begin PBXVariantGroup section */
		A6EEEA5120CE43DD0096D48A /* MainMenu.xib */ = {
			isa = PBXVariantGroup;
			children = (
				A6EEEA5220CE43DD0096D48A /* Base */,
			);
			name = MainMenu.xib;
			sourceTree = "<group>";
		};
/* End PBXVariantGroup section */

/* Begin XCBuildConfiguration section */
		A6EEEA5820CE43DD0096D48A /* Debug */ = {
			isa = XCBuildConfiguration;
			buildSettings = {
				ALWAYS_SEARCH_USER_PATHS = NO;
				CLANG_ANALYZER_NONNULL = YES;
				CLANG_ANALYZER_NUMBER_OBJECT_CONVERSION = YES_AGGRESSIVE;
				CLANG_CXX_LANGUAGE_STANDARD = "gnu++14";
				CLANG_CXX_LIBRARY = "libc++";
				CLANG_ENABLE_MODULES = YES;
				CLANG_ENABLE_OBJC_ARC = YES;
				CLANG_WARN_BLOCK_CAPTURE_AUTORELEASING = YES;
				CLANG_WARN_BOOL_CONVERSION = YES;
				CLANG_WARN_COMMA = YES;
				CLANG_WARN_CONSTANT_CONVERSION = YES;
				CLANG_WARN_DIRECT_OBJC_ISA_USAGE = YES_ERROR;
				CLANG_WARN_DOCUMENTATION_COMMENTS = YES;
				CLANG_WARN_EMPTY_BODY = YES;
				CLANG_WARN_ENUM_CONVERSION = YES;
				CLANG_WARN_INFINITE_RECURSION = YES;
				CLANG_WARN_INT_CONVERSION = YES;
				CLANG_WARN_NON_LITERAL_NULL_CONVERSION = YES;
				CLANG_WARN_OBJC_LITERAL_CONVERSION = YES;
				CLANG_WARN_OBJC_ROOT_CLASS = YES_ERROR;
				CLANG_WARN_RANGE_LOOP_ANALYSIS = YES;
				CLANG_WARN_STRICT_PROTOTYPES = YES;
				CLANG_WARN_SUSPICIOUS_MOVE = YES;
				CLANG_WARN_UNGUARDED_AVAILABILITY = YES_AGGRESSIVE;
				CLANG_WARN_UNREACHABLE_CODE = YES;
				CLANG_WARN__DUPLICATE_METHOD_MATCH = YES;
				CODE_SIGN_IDENTITY = "Mac Developer";
				COPY_PHASE_STRIP = NO;
				DEBUG_INFORMATION_FORMAT = dwarf;
				ENABLE_STRICT_OBJC_MSGSEND = YES;
				ENABLE_TESTABILITY = YES;
				GCC_C_LANGUAGE_STANDARD = gnu11;
				GCC_DYNAMIC_NO_PIC = NO;
				GCC_NO_COMMON_BLOCKS = YES;
				GCC_OPTIMIZATION_LEVEL = 0;
				GCC_PREPROCESSOR_DEFINITIONS = (
					"DEBUG=1",
					"$(inherited)",
				);
				GCC_WARN_64_TO_32_BIT_CONVERSION = YES;
				GCC_WARN_ABOUT_RETURN_TYPE = YES_ERROR;
				GCC_WARN_UNDECLARED_SELECTOR = YES;
				GCC_WARN_UNINITIALIZED_AUTOS = YES_AGGRESSIVE;
				GCC_WARN_UNUSED_FUNCTION = YES;
				GCC_WARN_UNUSED_VARIABLE = YES;
				MACOSX_DEPLOYMENT_TARGET = 10.13;
				MTL_ENABLE_DEBUG_INFO = YES;
				ONLY_ACTIVE_ARCH = YES;
				SDKROOT = macosx;
			};
			name = Debug;
		};
		A6EEEA5920CE43DD0096D48A /* Release */ = {
			isa = XCBuildConfiguration;
			buildSettings = {
				ALWAYS_SEARCH_USER_PATHS = NO;
				CLANG_ANALYZER_NONNULL = YES;
				CLANG_ANALYZER_NUMBER_OBJECT_CONVERSION = YES_AGGRESSIVE;
				CLANG_CXX_LANGUAGE_STANDARD = "gnu++14";
				CLANG_CXX_LIBRARY = "libc++";
				CLANG_ENABLE_MODULES = YES;
				CLANG_ENABLE_OBJC_ARC = YES;
				CLANG_WARN_BLOCK_CAPTURE_AUTORELEASING = YES;
				CLANG_WARN_BOOL_CONVERSION = YES;
				CLANG_WARN_COMMA = YES;
				CLANG_WARN_CONSTANT_CONVERSION = YES;
				CLANG_WARN_DIRECT_OBJC_ISA_USAGE = YES_ERROR;
				CLANG_WARN_DOCUMENTATION_COMMENTS = YES;
				CLANG_WARN_EMPTY_BODY = YES;
				CLANG_WARN_ENUM_CONVERSION = YES;
				CLANG_WARN_INFINITE_RECURSION = YES;
				CLANG_WARN_INT_CONVERSION = YES;
				CLANG_WARN_NON_LITERAL_NULL_CONVERSION = YES;
				CLANG_WARN_OBJC_LITERAL_CONVERSION = YES;
				CLANG_WARN_OBJC_ROOT_CLASS = YES_ERROR;
				CLANG_WARN_RANGE_LOOP_ANALYSIS = YES;
				CLANG_WARN_STRICT_PROTOTYPES = YES;
				CLANG_WARN_SUSPICIOUS_MOVE = YES;
				CLANG_WARN_UNGUARDED_AVAILABILITY = YES_AGGRESSIVE;
				CLANG_WARN_UNREACHABLE_CODE = YES;
				CLANG_WARN__DUPLICATE_METHOD_MATCH = YES;
				CODE_SIGN_IDENTITY = "Mac Developer";
				COPY_PHASE_STRIP = NO;
				DEBUG_INFORMATION_FORMAT = "dwarf-with-dsym";
				ENABLE_NS_ASSERTIONS = NO;
				ENABLE_STRICT_OBJC_MSGSEND = YES;
				GCC_C_LANGUAGE_STANDARD = gnu11;
				GCC_NO_COMMON_BLOCKS = YES;
				GCC_WARN_64_TO_32_BIT_CONVERSION = YES;
				GCC_WARN_ABOUT_RETURN_TYPE = YES_ERROR;
				GCC_WARN_UNDECLARED_SELECTOR = YES;
				GCC_WARN_UNINITIALIZED_AUTOS = YES_AGGRESSIVE;
				GCC_WARN_UNUSED_FUNCTION = YES;
				GCC_WARN_UNUSED_VARIABLE = YES;
				MACOSX_DEPLOYMENT_TARGET = 10.13;
				MTL_ENABLE_DEBUG_INFO = NO;
				SDKROOT = macosx;
			};
			name = Release;
		};
		A6EEEA5B20CE43DD0096D48A /* Debug */ = {
			isa = XCBuildConfiguration;
			buildSettings = {
				ASSETCATALOG_COMPILER_APPICON_NAME = AppIcon;
				CODE_SIGN_ENTITLEMENTS = OSPro/OSPro.entitlements;
				CODE_SIGN_STYLE = Automatic;
				COMBINE_HIDPI_IMAGES = YES;
				DEVELOPMENT_TEAM = 65J34FVCL3;
				INFOPLIST_FILE = OSPro/Info.plist;
				LD_RUNPATH_SEARCH_PATHS = "$(inherited) @executable_path/../Frameworks";
				PRODUCT_BUNDLE_IDENTIFIER = HappinessFamily.OSPro;
				PRODUCT_NAME = "$(TARGET_NAME)";
			};
			name = Debug;
		};
		A6EEEA5C20CE43DD0096D48A /* Release */ = {
			isa = XCBuildConfiguration;
			buildSettings = {
				ASSETCATALOG_COMPILER_APPICON_NAME = AppIcon;
				CODE_SIGN_ENTITLEMENTS = OSPro/OSPro.entitlements;
				CODE_SIGN_STYLE = Automatic;
				COMBINE_HIDPI_IMAGES = YES;
				DEVELOPMENT_TEAM = 65J34FVCL3;
				INFOPLIST_FILE = OSPro/Info.plist;
				LD_RUNPATH_SEARCH_PATHS = "$(inherited) @executable_path/../Frameworks";
				PRODUCT_BUNDLE_IDENTIFIER = HappinessFamily.OSPro;
				PRODUCT_NAME = "$(TARGET_NAME)";
			};
			name = Release;
		};
/* End XCBuildConfiguration section */

/* Begin XCConfigurationList section */
		A6EEEA4420CE43DD0096D48A /* Build configuration list for PBXProject "OSPro" */ = {
			isa = XCConfigurationList;
			buildConfigurations = (
				A6EEEA5820CE43DD0096D48A /* Debug */,
				A6EEEA5920CE43DD0096D48A /* Release */,
			);
			defaultConfigurationIsVisible = 0;
			defaultConfigurationName = Release;
		};
		A6EEEA5A20CE43DD0096D48A /* Build configuration list for PBXNativeTarget "OSPro" */ = {
			isa = XCConfigurationList;
			buildConfigurations = (
				A6EEEA5B20CE43DD0096D48A /* Debug */,
				A6EEEA5C20CE43DD0096D48A /* Release */,
			);
			defaultConfigurationIsVisible = 0;
			defaultConfigurationName = Release;
		};
/* End XCConfigurationList section */
	};
	rootObject = A6EEEA4120CE43DD0096D48A /* Project object */;
}
